# THIS IS AN AUTOGENERATED FILE. DO NOT EDIT THIS FILE DIRECTLY.
# yarn lockfile v1


"@babel/runtime@^7.1.2", "@babel/runtime@^7.4.5":
  version "7.5.5"
  resolved "https://registry.yarnpkg.com/@babel/runtime/-/runtime-7.5.5.tgz#74fba56d35efbeca444091c7850ccd494fd2f132"
  integrity sha512-28QvEGyQyNkB0/m2B4FU7IEZGK2NUrcMtT6BZEFALTguLk+AUT6ofsHtPk5QyjAdUkpMJ+/Em+quwz4HOt30AQ==
  dependencies:
    regenerator-runtime "^0.13.2"

"@types/node@^6.0.46":
  version "6.0.88"
  resolved "https://registry.yarnpkg.com/@types/node/-/node-6.0.88.tgz#f618f11a944f6a18d92b5c472028728a3e3d4b66"

"@types/react-dnd-html5-backend@^2.1.8":
  version "2.1.8"
  resolved "https://registry.yarnpkg.com/@types/react-dnd-html5-backend/-/react-dnd-html5-backend-2.1.8.tgz#35499ce5db24afce847da7b5080c1ab1ec69cd86"
  dependencies:
    "@types/react-dnd" "*"

"@types/react-dnd@*", "@types/react-dnd@^2.0.33":
  version "2.0.33"
  resolved "https://registry.yarnpkg.com/@types/react-dnd/-/react-dnd-2.0.33.tgz#b7ce466ef3dfba48c3e11d7151f21b02e0472f58"
  dependencies:
    "@types/react" "*"

"@types/react-joyride@^1.11.0":
  version "1.11.0"
  resolved "https://registry.yarnpkg.com/@types/react-joyride/-/react-joyride-1.11.0.tgz#b9249dfb4c0adc9019f50c7479ac2cbb6ccc38ee"
  dependencies:
    "@types/react" "*"

"@types/react@*":
  version "16.0.5"
  resolved "https://registry.yarnpkg.com/@types/react/-/react-16.0.5.tgz#d713cf67cc211dea20463d2a0b66005c22070c4b"

"@types/slate-html-serializer@^0.6.3":
  version "0.6.3"
  resolved "https://registry.yarnpkg.com/@types/slate-html-serializer/-/slate-html-serializer-0.6.3.tgz#f18da3c68ccc5b25b12eb4f709b2120b2d2d954e"
  dependencies:
    "@types/react" "*"
    "@types/slate" "*"

"@types/slate-react@^0.20.3":
  version "0.20.3"
  resolved "https://registry.yarnpkg.com/@types/slate-react/-/slate-react-0.20.3.tgz#a2a09c448954b03d518a6c651ac3b4f7b6e91e1a"
  dependencies:
    "@types/react" "*"
    "@types/slate" "*"
    immutable "^3.8.2"

"@types/slate@*", "@types/slate@^0.43.9":
  version "0.43.9"
  resolved "https://registry.yarnpkg.com/@types/slate/-/slate-0.43.9.tgz#779e9593a7573fe28d80a9860474b3f3b14ade04"
  dependencies:
    "@types/react" "*"
    immutable "^3.8.2"

"@types/vis@4.21.0":
  version "4.21.0"
  resolved "https://registry.yarnpkg.com/@types/vis/-/vis-4.21.0.tgz#5abcf7dfe7223ac5e35f08860318bf68e71c38ce"
  dependencies:
    moment ">=2.13.0"

add-dom-event-listener@1.x:
  version "1.0.2"
  resolved "https://registry.yarnpkg.com/add-dom-event-listener/-/add-dom-event-listener-1.0.2.tgz#8faed2c41008721cf111da1d30d995b85be42bed"
  dependencies:
    object-assign "4.x"

align-text@^0.1.1, align-text@^0.1.3:
  version "0.1.4"
  resolved "https://registry.yarnpkg.com/align-text/-/align-text-0.1.4.tgz#0cd90a561093f35d0a99256c22b7069433fad117"
  dependencies:
    kind-of "^3.0.2"
    longest "^1.0.1"
    repeat-string "^1.5.2"

asap@^2.0.3, asap@^2.0.6, asap@~2.0.3:
  version "2.0.6"
  resolved "https://registry.yarnpkg.com/asap/-/asap-2.0.6.tgz#e50347611d7e690943208bbdafebcbc2fb866d46"

babel-runtime@6.x, babel-runtime@^6.20.0, babel-runtime@^6.23.0:
  version "6.26.0"
  resolved "https://registry.yarnpkg.com/babel-runtime/-/babel-runtime-6.26.0.tgz#965c7058668e82b55d7bfe04ff2337bc8b5647fe"
  dependencies:
    core-js "^2.4.0"
    regenerator-runtime "^0.11.0"

bowser@^1.6.0:
  version "1.7.2"
  resolved "https://registry.yarnpkg.com/bowser/-/bowser-1.7.2.tgz#b94cc6925ba6b5e07c421a58e601ce4611264572"

camelcase@^1.0.2:
  version "1.2.1"
  resolved "https://registry.yarnpkg.com/camelcase/-/camelcase-1.2.1.tgz#9bb5304d2e0b56698b2c758b08a3eaa9daa58a39"

center-align@^0.1.1:
  version "0.1.3"
  resolved "https://registry.yarnpkg.com/center-align/-/center-align-0.1.3.tgz#aa0d32629b6ee972200411cbd4461c907bc2b7ad"
  dependencies:
    align-text "^0.1.3"
    lazy-cache "^1.0.3"

chain-function@^1.0.0:
  version "1.0.0"
  resolved "https://registry.yarnpkg.com/chain-function/-/chain-function-1.0.0.tgz#0d4ab37e7e18ead0bdc47b920764118ce58733dc"

change-emitter@^0.1.2:
  version "0.1.6"
  resolved "https://registry.yarnpkg.com/change-emitter/-/change-emitter-0.1.6.tgz#e8b2fe3d7f1ab7d69a32199aff91ea6931409515"

classnames@^2.2.5:
  version "2.2.5"
  resolved "https://registry.yarnpkg.com/classnames/-/classnames-2.2.5.tgz#fb3801d453467649ef3603c7d61a02bd129bde6d"

cliui@^2.1.0:
  version "2.1.0"
  resolved "https://registry.yarnpkg.com/cliui/-/cliui-2.1.0.tgz#4b475760ff80264c762c3a1719032e91c7fea0d1"
  dependencies:
    center-align "^0.1.1"
    right-align "^0.1.1"
    wordwrap "0.0.2"

component-classes@^1.2.5:
  version "1.2.6"
  resolved "https://registry.yarnpkg.com/component-classes/-/component-classes-1.2.6.tgz#c642394c3618a4d8b0b8919efccbbd930e5cd691"
  dependencies:
    component-indexof "0.0.3"

component-indexof@0.0.3:
  version "0.0.3"
  resolved "https://registry.yarnpkg.com/component-indexof/-/component-indexof-0.0.3.tgz#11d091312239eb8f32c8f25ae9cb002ffe8d3c24"

core-js@^1.0.0:
  version "1.2.7"
  resolved "https://registry.yarnpkg.com/core-js/-/core-js-1.2.7.tgz#652294c14651db28fa93bd2d5ff2983a4f08c636"

core-js@^2.4.0:
  version "2.5.0"
  resolved "https://registry.yarnpkg.com/core-js/-/core-js-2.5.0.tgz#569c050918be6486b3837552028ae0466b717086"

create-react-class@15.x, create-react-class@^15.5.2:
  version "15.6.0"
  resolved "https://registry.yarnpkg.com/create-react-class/-/create-react-class-15.6.0.tgz#ab448497c26566e1e29413e883207d57cfe7bed4"
  dependencies:
    fbjs "^0.8.9"
    loose-envify "^1.3.1"
    object-assign "^4.1.1"

css-animation@^1.3.2:
  version "1.4.1"
  resolved "https://registry.yarnpkg.com/css-animation/-/css-animation-1.4.1.tgz#5b8813125de0fbbbb0bbe1b472ae84221469b7a8"
  dependencies:
    babel-runtime "6.x"
    component-classes "^1.2.5"

css-in-js-utils@^1.0.3:
  version "1.0.3"
  resolved "https://registry.yarnpkg.com/css-in-js-utils/-/css-in-js-utils-1.0.3.tgz#9ac7e02f763cf85d94017666565ed68a5b5f3215"
  dependencies:
    hyphenate-style-name "^1.0.2"

d@1:
  version "1.0.0"
  resolved "https://registry.yarnpkg.com/d/-/d-1.0.0.tgz#754bb5bfe55451da69a58b94d45f4c5b0462d58f"
  dependencies:
    es5-ext "^0.10.9"

debug@^2.3.2:
  version "2.6.8"
  resolved "https://registry.yarnpkg.com/debug/-/debug-2.6.8.tgz#e731531ca2ede27d188222427da17821d68ff4fc"
  dependencies:
    ms "2.0.0"

debug@^3.1.0:
  version "3.2.6"
  resolved "https://registry.yarnpkg.com/debug/-/debug-3.2.6.tgz#e83d17de16d8a7efb7717edbe5fb10135eee629b"
  dependencies:
    ms "^2.1.1"

decamelize@^1.0.0:
  version "1.2.0"
  resolved "https://registry.yarnpkg.com/decamelize/-/decamelize-1.2.0.tgz#f6534d15148269b20352e7bee26f501f9a191290"

deep-equal@^1.0.1:
  version "1.0.1"
  resolved "https://registry.yarnpkg.com/deep-equal/-/deep-equal-1.0.1.tgz#f5d260292b660e084eff4cdbc9f08ad3247448b5"

device.js@^2.3.0:
  version "2.3.0"
  resolved "https://registry.yarnpkg.com/device.js/-/device.js-2.3.0.tgz#8104ea308b71926b4d2ed87413e6be7ff8f20018"
  dependencies:
    dom-helpers "^3.2.1"
    lodash "^4.17.4"
    lodash-es "^4.17.4"
    uglify-js "^2.8.29"

direction@^0.1.5:
  version "0.1.5"
  resolved "https://registry.yarnpkg.com/direction/-/direction-0.1.5.tgz#ce5d797f97e26f8be7beff53f7dc40e1c1a9ec4c"

disposables@^1.0.1:
  version "1.0.1"
  resolved "https://registry.yarnpkg.com/disposables/-/disposables-1.0.1.tgz#064727a25b54f502bd82b89aa2dfb8df9f1b39e3"

dnd-core@^2.3.0:
  version "2.4.0"
  resolved "https://registry.yarnpkg.com/dnd-core/-/dnd-core-2.4.0.tgz#c4a5bc2aea75164f8a295d769d5f551810e7d411"
  dependencies:
    asap "^2.0.3"
    invariant "^2.0.0"
    lodash "^4.2.0"
    redux "^3.2.0"

dnd-core@^2.5.1:
  version "2.5.1"
  resolved "https://registry.yarnpkg.com/dnd-core/-/dnd-core-2.5.1.tgz#178f5ad6526ce02dd59508f115535f7bfc0ce94e"
  dependencies:
    asap "^2.0.6"
    invariant "^2.0.0"
    lodash "^4.2.0"
    redux "^3.7.1"

dnd-core@^2.6.0:
  version "2.6.0"
  resolved "https://registry.yarnpkg.com/dnd-core/-/dnd-core-2.6.0.tgz#12bad66d58742c6e5f7cf2943fb6859440f809c4"
  integrity sha1-ErrWbVh0LG5ffPKUP7aFlED4CcQ=
  dependencies:
    asap "^2.0.6"
    invariant "^2.0.0"
    lodash "^4.2.0"
    redux "^3.7.1"

dom-align@1.x:
  version "1.6.4"
  resolved "https://registry.yarnpkg.com/dom-align/-/dom-align-1.6.4.tgz#7702a40352ebf29f31551296756d08dae2b3c3fa"

dom-helpers@^3.2.0, dom-helpers@^3.2.1:
  version "3.2.1"
  resolved "https://registry.yarnpkg.com/dom-helpers/-/dom-helpers-3.2.1.tgz#3203e07fed217bd1f424b019735582fc37b2825a"

dom-helpers@^3.4.0:
  version "3.4.0"
  resolved "https://registry.yarnpkg.com/dom-helpers/-/dom-helpers-3.4.0.tgz#e9b369700f959f62ecde5a6babde4bccd9169af8"
  integrity sha512-LnuPJ+dwqKDIyotW1VzmOZ5TONUN7CwkCR5hrgawTUbkBGYdeoNLZo6nNfGkCrjtE1nXXaj7iMMpDa8/d9WoIA==
  dependencies:
    "@babel/runtime" "^7.1.2"

dom-walk@^0.1.0:
  version "0.1.1"
  resolved "https://registry.yarnpkg.com/dom-walk/-/dom-walk-0.1.1.tgz#672226dc74c8f799ad35307df936aba11acd6018"

draft-js-export-html@0.5.0:
  version "0.5.0"
  resolved "https://registry.yarnpkg.com/draft-js-export-html/-/draft-js-export-html-0.5.0.tgz#85380307baba82ad46cb7a8b1ae7ae1625fd037b"
  dependencies:
    draft-js-utils "^0.1.5"

draft-js-utils@^0.1.5:
  version "0.1.7"
  resolved "https://registry.yarnpkg.com/draft-js-utils/-/draft-js-utils-0.1.7.tgz#e2b6927ca620edf1855a4bfc1cf1d21080a70f16"

draft-js@0.9.1:
  version "0.9.1"
  resolved "https://registry.yarnpkg.com/draft-js/-/draft-js-0.9.1.tgz#940a51a0ad1fede0411676b6404f4050495f54f9"
  dependencies:
    fbjs "^0.8.3"
    immutable "~3.7.4"
    object-assign "^4.1.0"

element-resize-event@^2.0.4, element-resize-event@^2.0.9:
  version "2.0.9"
  resolved "https://registry.yarnpkg.com/element-resize-event/-/element-resize-event-2.0.9.tgz#2f5e1581a296eb5275210c141bc56342e218f876"

emitter-component@^1.1.1:
  version "1.1.1"
  resolved "https://registry.yarnpkg.com/emitter-component/-/emitter-component-1.1.1.tgz#065e2dbed6959bf470679edabeaf7981d1003ab6"

encoding@^0.1.11:
  version "0.1.12"
  resolved "https://registry.yarnpkg.com/encoding/-/encoding-0.1.12.tgz#538b66f3ee62cd1ab51ec323829d1f9480c74beb"
  dependencies:
    iconv-lite "~0.4.13"

es5-ext@^0.10.14, es5-ext@^0.10.9, es5-ext@~0.10.14:
  version "0.10.29"
  resolved "https://registry.yarnpkg.com/es5-ext/-/es5-ext-0.10.29.tgz#768eb2dfc4957bcf35fa0568f193ab71ede53fd8"
  dependencies:
    es6-iterator "2"
    es6-symbol "~3.1"

es6-iterator@2, es6-iterator@~2.0.1:
  version "2.0.1"
  resolved "https://registry.yarnpkg.com/es6-iterator/-/es6-iterator-2.0.1.tgz#8e319c9f0453bf575d374940a655920e59ca5512"
  dependencies:
    d "1"
    es5-ext "^0.10.14"
    es6-symbol "^3.1"

es6-map@^0.1.4:
  version "0.1.5"
  resolved "https://registry.yarnpkg.com/es6-map/-/es6-map-0.1.5.tgz#9136e0503dcc06a301690f0bb14ff4e364e949f0"
  dependencies:
    d "1"
    es5-ext "~0.10.14"
    es6-iterator "~2.0.1"
    es6-set "~0.1.5"
    es6-symbol "~3.1.1"
    event-emitter "~0.3.5"

es6-set@~0.1.5:
  version "0.1.5"
  resolved "https://registry.yarnpkg.com/es6-set/-/es6-set-0.1.5.tgz#d2b3ec5d4d800ced818db538d28974db0a73ccb1"
  dependencies:
    d "1"
    es5-ext "~0.10.14"
    es6-iterator "~2.0.1"
    es6-symbol "3.1.1"
    event-emitter "~0.3.5"

es6-symbol@3.1.1, es6-symbol@^3.1, es6-symbol@~3.1, es6-symbol@~3.1.1:
  version "3.1.1"
  resolved "https://registry.yarnpkg.com/es6-symbol/-/es6-symbol-3.1.1.tgz#bf00ef4fdab6ba1b46ecb7b629b4c7ed5715cc77"
  dependencies:
    d "1"
    es5-ext "~0.10.14"

esrever@^0.2.0:
  version "0.2.0"
  resolved "https://registry.yarnpkg.com/esrever/-/esrever-0.2.0.tgz#96e9d28f4f1b1a76784cd5d490eaae010e7407b8"

event-emitter@~0.3.5:
  version "0.3.5"
  resolved "https://registry.yarnpkg.com/event-emitter/-/event-emitter-0.3.5.tgz#df8c69eef1647923c7157b9ce83840610b02cc39"
  dependencies:
    d "1"
    es5-ext "~0.10.14"

fbjs@^0.8.1, fbjs@^0.8.3, fbjs@^0.8.4, fbjs@^0.8.9:
  version "0.8.12"
  resolved "https://registry.yarnpkg.com/fbjs/-/fbjs-0.8.12.tgz#10b5d92f76d45575fd63a217d4ea02bea2f8ed04"
  dependencies:
    core-js "^1.0.0"
    isomorphic-fetch "^2.1.1"
    loose-envify "^1.0.0"
    object-assign "^4.1.0"
    promise "^7.1.1"
    setimmediate "^1.0.5"
    ua-parser-js "^0.7.9"

fetch-jsonp@^1.0.2:
  version "1.1.1"
  resolved "https://registry.yarnpkg.com/fetch-jsonp/-/fetch-jsonp-1.1.1.tgz#b7b9fd7d3a4f74d38389f5ea2f2d0f46c34510e4"

get-document@1:
  version "1.0.0"
  resolved "https://registry.yarnpkg.com/get-document/-/get-document-1.0.0.tgz#4821bce66f1c24cb0331602be6cb6b12c4f01c4b"

get-window@^1.1.1:
  version "1.1.1"
  resolved "https://registry.yarnpkg.com/get-window/-/get-window-1.1.1.tgz#0750f8970c88a54ac1294deb97add9568b3db594"
  dependencies:
    get-document "1"

global@~4.3.0:
  version "4.3.2"
  resolved "https://registry.yarnpkg.com/global/-/global-4.3.2.tgz#e76989268a6c74c38908b1305b10fc0e394e9d0f"
  dependencies:
    min-document "^2.19.0"
    process "~0.5.1"

hammerjs@^2.0.6, hammerjs@^2.0.8:
  version "2.0.8"
  resolved "https://registry.yarnpkg.com/hammerjs/-/hammerjs-2.0.8.tgz#04ef77862cff2bb79d30f7692095930222bf60f1"

hoist-non-react-statics@^1.0.0:
  version "1.2.0"
  resolved "https://registry.yarnpkg.com/hoist-non-react-statics/-/hoist-non-react-statics-1.2.0.tgz#aa448cf0986d55cc40773b17174b7dd066cb7cfb"

hoist-non-react-statics@^2.1.0, hoist-non-react-statics@^2.2.1:
  version "2.3.1"
  resolved "https://registry.yarnpkg.com/hoist-non-react-statics/-/hoist-non-react-statics-2.3.1.tgz#343db84c6018c650778898240135a1420ee22ce0"

hyphenate-style-name@^1.0.2:
  version "1.0.2"
  resolved "https://registry.yarnpkg.com/hyphenate-style-name/-/hyphenate-style-name-1.0.2.tgz#31160a36930adaf1fc04c6074f7eb41465d4ec4b"

iconv-lite@~0.4.13:
  version "0.4.17"
  resolved "https://registry.yarnpkg.com/iconv-lite/-/iconv-lite-0.4.17.tgz#4fdaa3b38acbc2c031b045d0edcdfe1ecab18c8d"

immutable@^3.8.1:
  version "3.8.1"
  resolved "https://registry.yarnpkg.com/immutable/-/immutable-3.8.1.tgz#200807f11ab0f72710ea485542de088075f68cd2"

immutable@^3.8.2:
  version "3.8.2"
  resolved "https://registry.yarnpkg.com/immutable/-/immutable-3.8.2.tgz#c2439951455bb39913daf281376f1530e104adf3"

immutable@~3.7.4:
  version "3.7.6"
  resolved "https://registry.yarnpkg.com/immutable/-/immutable-3.7.6.tgz#13b4d3cb12befa15482a26fe1b2ebae640071e4b"

inline-style-prefixer@^3.0.2:
  version "3.0.7"
  resolved "https://registry.yarnpkg.com/inline-style-prefixer/-/inline-style-prefixer-3.0.7.tgz#0ccc92e5902fe6e0d28d975c4258443f880615f8"
  dependencies:
    bowser "^1.6.0"
    css-in-js-utils "^1.0.3"

invariant@^2.0.0, invariant@^2.1.0:
  version "2.2.2"
  resolved "https://registry.yarnpkg.com/invariant/-/invariant-2.2.2.tgz#9e1f56ac0acdb6bf303306f338be3b204ae60360"
  dependencies:
    loose-envify "^1.0.0"

is-buffer@^1.1.5:
  version "1.1.5"
  resolved "https://registry.yarnpkg.com/is-buffer/-/is-buffer-1.1.5.tgz#1f3b26ef613b214b88cbca23cc6c01d87961eecc"

is-empty@^1.0.0:
  version "1.2.0"
  resolved "https://registry.yarnpkg.com/is-empty/-/is-empty-1.2.0.tgz#de9bb5b278738a05a0b09a57e1fb4d4a341a9f6b"

is-hotkey@0.1.4:
  version "0.1.4"
  resolved "https://registry.yarnpkg.com/is-hotkey/-/is-hotkey-0.1.4.tgz#c34d2c85d6ec8d09a871dcf71931c8067a824c7d"

is-in-browser@^1.1.3:
  version "1.1.3"
  resolved "https://registry.yarnpkg.com/is-in-browser/-/is-in-browser-1.1.3.tgz#56ff4db683a078c6082eb95dad7dc62e1d04f835"

is-plain-object@^2.0.4:
  version "2.0.4"
  resolved "https://registry.yarnpkg.com/is-plain-object/-/is-plain-object-2.0.4.tgz#2c163b3fafb1b606d9d17928f05c2a1c38e07677"
  dependencies:
    isobject "^3.0.1"

is-stream@^1.0.1:
  version "1.1.0"
  resolved "https://registry.yarnpkg.com/is-stream/-/is-stream-1.1.0.tgz#12d4a3dd4e68e0b79ceb8dbc84173ae80d91ca44"

is-window@^1.0.2:
  version "1.0.2"
  resolved "https://registry.yarnpkg.com/is-window/-/is-window-1.0.2.tgz#2c896ca53db97de45d3c33133a65d8c9f563480d"

isobject@^3.0.1:
  version "3.0.1"
  resolved "https://registry.yarnpkg.com/isobject/-/isobject-3.0.1.tgz#4e431e92b11a9731636aa1f9c8d1ccbcfdab78df"

isomorphic-base64@^1.0.2:
  version "1.0.2"
  resolved "https://registry.yarnpkg.com/isomorphic-base64/-/isomorphic-base64-1.0.2.tgz#f426aae82569ba8a4ec5ca73ad21a44ab1ee7803"

isomorphic-fetch@^2.1.1:
  version "2.2.1"
  resolved "https://registry.yarnpkg.com/isomorphic-fetch/-/isomorphic-fetch-2.2.1.tgz#611ae1acf14f5e81f729507472819fe9733558a9"
  dependencies:
    node-fetch "^1.0.1"
    whatwg-fetch ">=0.10.0"

js-tokens@^3.0.0:
  version "3.0.1"
  resolved "https://registry.yarnpkg.com/js-tokens/-/js-tokens-3.0.1.tgz#08e9f132484a2c45a30907e9dc4d5567b7f114d7"

"js-tokens@^3.0.0 || ^4.0.0":
  version "4.0.0"
  resolved "https://registry.yarnpkg.com/js-tokens/-/js-tokens-4.0.0.tgz#19203fb59991df98e3a287050d4647cdeaf32499"
  integrity sha512-RdJUflcE3cUzKiMqQgsCu06FPu9UdIJO0beYbPhHN4k6apgJtifcoCtT9bcxOpYBtpD2kCM6Sbzg4CausW/PKQ==

keycharm@^0.2.0:
  version "0.2.0"
  resolved "https://registry.yarnpkg.com/keycharm/-/keycharm-0.2.0.tgz#fa6ea2e43b90a68028843d27f2075d35a8c3e6f9"

keycode@^2.1.2, keycode@^2.1.8:
  version "2.1.9"
  resolved "https://registry.yarnpkg.com/keycode/-/keycode-2.1.9.tgz#964a23c54e4889405b4861a5c9f0480d45141dfa"

kind-of@^3.0.2:
  version "3.2.2"
  resolved "https://registry.yarnpkg.com/kind-of/-/kind-of-3.2.2.tgz#31ea21a734bab9bbb0f32466d893aea51e4a3c64"
  dependencies:
    is-buffer "^1.1.5"

lazy-cache@^1.0.3:
  version "1.0.4"
  resolved "https://registry.yarnpkg.com/lazy-cache/-/lazy-cache-1.0.4.tgz#a1d78fc3a50474cb80845d3b3b6e1da49a446e8e"

load-script@^1.0.0:
  version "1.0.0"
  resolved "https://registry.yarnpkg.com/load-script/-/load-script-1.0.0.tgz#0491939e0bee5643ee494a7e3da3d2bac70c6ca4"

lodash-es@^4.17.4, lodash-es@^4.2.0, lodash-es@^4.2.1:
  version "4.17.4"
  resolved "https://registry.yarnpkg.com/lodash-es/-/lodash-es-4.17.4.tgz#dcc1d7552e150a0640073ba9cb31d70f032950e7"

lodash._getnative@^3.0.0:
  version "3.9.1"
  resolved "https://registry.yarnpkg.com/lodash._getnative/-/lodash._getnative-3.9.1.tgz#570bc7dede46d61cdcde687d65d3eecbaa3aaff5"

lodash.isarguments@^3.0.0:
  version "3.1.0"
  resolved "https://registry.yarnpkg.com/lodash.isarguments/-/lodash.isarguments-3.1.0.tgz#2f573d85c6a24289ff00663b491c1d338ff3458a"

lodash.isarray@^3.0.0:
  version "3.0.4"
  resolved "https://registry.yarnpkg.com/lodash.isarray/-/lodash.isarray-3.0.4.tgz#79e4eb88c36a8122af86f844aa9bcd851b5fbb55"

lodash.keys@^3.1.2:
  version "3.1.2"
  resolved "https://registry.yarnpkg.com/lodash.keys/-/lodash.keys-3.1.2.tgz#4dbc0472b156be50a0b286855d1bd0b0c656098a"
  dependencies:
    lodash._getnative "^3.0.0"
    lodash.isarguments "^3.0.0"
    lodash.isarray "^3.0.0"

lodash.merge@^4.6.0:
  version "4.6.0"
  resolved "https://registry.yarnpkg.com/lodash.merge/-/lodash.merge-4.6.0.tgz#69884ba144ac33fe699737a6086deffadd0f89c5"

lodash.omit@^4.5.0:
  version "4.5.0"
  resolved "https://registry.yarnpkg.com/lodash.omit/-/lodash.omit-4.5.0.tgz#6eb19ae5a1ee1dd9df0b969e66ce0b7fa30b5e60"

lodash.throttle@^4.1.1:
  version "4.1.1"
  resolved "https://registry.yarnpkg.com/lodash.throttle/-/lodash.throttle-4.1.1.tgz#c23e91b710242ac70c37f1e1cda9274cc39bf2f4"

lodash@^4.1.1:
  version "4.17.11"
  resolved "https://registry.yarnpkg.com/lodash/-/lodash-4.17.11.tgz#b39ea6229ef607ecd89e2c8df12536891cac9b8d"

lodash@^4.13.1, lodash@^4.17.4, lodash@^4.2.0, lodash@^4.2.1:
  version "4.17.4"
  resolved "https://registry.yarnpkg.com/lodash/-/lodash-4.17.4.tgz#78203a4d1c328ae1d86dca6460e369b57f4055ae"

longest@^1.0.1:
  version "1.0.1"
  resolved "https://registry.yarnpkg.com/longest/-/longest-1.0.1.tgz#30a0b2da38f73770e8294a0d22e6625ed77d0097"

loose-envify@^1.0.0, loose-envify@^1.1.0, loose-envify@^1.3.1:
  version "1.3.1"
  resolved "https://registry.yarnpkg.com/loose-envify/-/loose-envify-1.3.1.tgz#d1a8ad33fa9ce0e713d65fdd0ac8b748d478c848"
  dependencies:
    js-tokens "^3.0.0"

loose-envify@^1.4.0:
  version "1.4.0"
  resolved "https://registry.yarnpkg.com/loose-envify/-/loose-envify-1.4.0.tgz#71ee51fa7be4caec1a63839f7e682d8132d30caf"
  integrity sha512-lyuxPGr/Wfhrlem2CL/UcnUc1zcqKAImBDzukY7Y5F/yQiNdko6+fRLevlw1HgMySw7f611UIY408EtxRSoK3Q==
  dependencies:
    js-tokens "^3.0.0 || ^4.0.0"

material-ui@^0.19.1:
  version "0.19.1"
  resolved "https://registry.yarnpkg.com/material-ui/-/material-ui-0.19.1.tgz#6be8072c3d1df9a2c93a840afab47952f2af5653"
  dependencies:
    babel-runtime "^6.23.0"
    inline-style-prefixer "^3.0.2"
    keycode "^2.1.8"
    lodash.merge "^4.6.0"
    lodash.throttle "^4.1.1"
    prop-types "^15.5.7"
    react-event-listener "^0.4.5"
    react-transition-group "^1.1.2"
    recompose "0.24.0"
    simple-assign "^0.1.0"
    warning "^3.0.0"

memoize-one@^4.0.0:
  version "4.1.0"
  resolved "https://registry.yarnpkg.com/memoize-one/-/memoize-one-4.1.0.tgz#a2387c58c03fff27ca390c31b764a79addf3f906"

min-document@^2.19.0:
  version "2.19.0"
  resolved "https://registry.yarnpkg.com/min-document/-/min-document-2.19.0.tgz#7bd282e3f5842ed295bb748cdd9f1ffa2c824685"
  dependencies:
    dom-walk "^0.1.0"

moment@>=2.13.0, moment@^2.18.1:
  version "2.19.2"
  resolved "https://registry.yarnpkg.com/moment/-/moment-2.19.2.tgz#8a7f774c95a64550b4c7ebd496683908f9419dbe"

mousetrap@^1.5.2, mousetrap@^1.6.1:
  version "1.6.1"
  resolved "https://registry.yarnpkg.com/mousetrap/-/mousetrap-1.6.1.tgz#2a085f5c751294c75e7e81f6ec2545b29cbf42d9"

ms@2.0.0:
  version "2.0.0"
  resolved "https://registry.yarnpkg.com/ms/-/ms-2.0.0.tgz#5608aeadfc00be6c2901df5f9861788de0d597c8"

ms@^2.1.1:
  version "2.1.1"
  resolved "https://registry.yarnpkg.com/ms/-/ms-2.1.1.tgz#30a5864eb3ebb0a66f2ebe6d727af06a09d86e0a"

nested-property@^0.0.7:
  version "0.0.7"
  resolved "https://registry.yarnpkg.com/nested-property/-/nested-property-0.0.7.tgz#ff222f233ca8793c6828b4117091bea597130f4f"

node-fetch@^1.0.1:
  version "1.6.3"
  resolved "https://registry.yarnpkg.com/node-fetch/-/node-fetch-1.6.3.tgz#dc234edd6489982d58e8f0db4f695029abcd8c04"
  dependencies:
    encoding "^0.1.11"
    is-stream "^1.0.1"

object-assign@4.x, object-assign@^4.1.0, object-assign@^4.1.1:
  version "4.1.1"
  resolved "https://registry.yarnpkg.com/object-assign/-/object-assign-4.1.1.tgz#2109adc7965887cfc05cbbd442cac8bfbb360863"

openseadragon@2.3.1:
  version "2.3.1"
  resolved "https://registry.yarnpkg.com/openseadragon/-/openseadragon-2.3.1.tgz#efdcfee19d8b3c46d00d7f7dda787c7057f68364"
  integrity sha1-79z+4Z2LPEbQDX992nh8cFf2g2Q=

ory-editor-core@^v0.2.24, ory-editor-core@v0.2.24:
  version "0.2.24"
  resolved "https://registry.yarnpkg.com/ory-editor-core/-/ory-editor-core-0.2.24.tgz#a6e41b061eb3bc0fe00587acc16407884c982925"
  dependencies:
    classnames "^2.2.5"
    deep-equal "^1.0.1"
    dnd-core "^2.3.0"
    element-resize-event "^2.0.9"
    lodash.throttle "^4.1.1"
    mousetrap "^1.6.1"
    ramda "^0.24.1"
    react-dimensions "^1.3.0"
    react-dnd "^2.4.0"
    react-dnd-html5-backend "^2.4.0"
    react-draggable "^3.0.3"
    react-hotkeys "^0.10.0"
    react-redux "^5.0.4"
    react-resizable "^1.7.3"
    redux "^3.6.0"
    redux-undo "1.0.0-beta9-7"
    reselect "^3.0.0"
    semver "^5.3.0"
    uuid "^3.0.1"

ory-editor-plugins-default-native@v0.2.24:
  version "0.2.24"
  resolved "https://registry.yarnpkg.com/ory-editor-plugins-default-native/-/ory-editor-plugins-default-native-0.2.24.tgz#3e883ce42eb118c9ddf152f67a6bd5253471150c"

ory-editor-plugins-divider@v0.2.24:
  version "0.2.24"
  resolved "https://registry.yarnpkg.com/ory-editor-plugins-divider/-/ory-editor-plugins-divider-0.2.24.tgz#a5958b39c451c5e683a75713ead70269b99c87bf"
  dependencies:
    material-ui "^0.19.1"

ory-editor-plugins-image@v0.2.24:
  version "0.2.24"
  resolved "https://registry.yarnpkg.com/ory-editor-plugins-image/-/ory-editor-plugins-image-0.2.24.tgz#af3320592e12d7de34d6ad185ba8fad536692b19"
  dependencies:
    material-ui "^0.19.1"
    ory-editor-core "^v0.2.24"
    ory-editor-ui "^v0.2.24"

ory-editor-plugins-parallax-background@v0.2.24:
  version "0.2.24"
  resolved "https://registry.yarnpkg.com/ory-editor-plugins-parallax-background/-/ory-editor-plugins-parallax-background-0.2.24.tgz#3a06c569d5166eac4884b793495a455f3d7b8c92"
  dependencies:
    material-ui "^0.19.1"
    ory-editor-core "^v0.2.24"
    ory-editor-ui "^v0.2.24"

ory-editor-plugins-slate@v0.2.24:
  version "0.2.24"
  resolved "https://registry.yarnpkg.com/ory-editor-plugins-slate/-/ory-editor-plugins-slate-0.2.24.tgz#cc6a692aef68798b1f2d9a5a79237e59e6499f94"
  dependencies:
    immutable "^3.8.1"
    material-ui "^0.19.1"
    ory-editor-core "^v0.2.24"
    ory-editor-ui "^v0.2.24"
    parse5 "^3.0.2"
    ramda "^0.24.1"
    react-portal "^3.0.0"
    redux-undo "1.0.0-beta9-7"
    selection-position "^1.0.0"
    slate "^0.21.4"
    slate-edit-blockquote "^0.2.0"
    slate-edit-list "^0.7.1"

ory-editor-plugins-spacer@v0.2.24:
  version "0.2.24"
  resolved "https://registry.yarnpkg.com/ory-editor-plugins-spacer/-/ory-editor-plugins-spacer-0.2.24.tgz#6a0a4cac73eca292f1294a51c26d390bf9a10b23"
  dependencies:
    classnames "^2.2.5"
    material-ui "^0.19.1"
    ory-editor-core "^v0.2.24"
    ory-editor-ui "^v0.2.24"
    react-resizable "^1.7.0"

ory-editor-plugins-video@v0.2.24:
  version "0.2.24"
  resolved "https://registry.yarnpkg.com/ory-editor-plugins-video/-/ory-editor-plugins-video-0.2.24.tgz#9ad330118c59870f381ae1de8aa115a98a77e81c"
  dependencies:
    material-ui "^0.19.1"
    ory-editor-core "^v0.2.24"
    ory-editor-ui "^v0.2.24"
    react-player "^0.22.0"

ory-editor-renderer@v0.2.24:
  version "0.2.24"
  resolved "https://registry.yarnpkg.com/ory-editor-renderer/-/ory-editor-renderer-0.2.24.tgz#443a7b9b3027e8688c1854bc202fc7ed5c274659"
  dependencies:
    classnames "^2.2.5"
    ory-editor-core "^v0.2.24"

ory-editor-ui@^v0.2.24, ory-editor-ui@v0.2.24:
  version "0.2.24"
  resolved "https://registry.yarnpkg.com/ory-editor-ui/-/ory-editor-ui-0.2.24.tgz#08aa1022e16988febc9b9b8e89a97488297b94fe"
  dependencies:
    classnames "^2.2.5"
    device.js "^2.3.0"
    material-ui "^0.19.1"
    ory-editor-core "^v0.2.24"
    rc-tooltip "^3.4.3"
    react-dnd "^2.4.0"
    react-redux "^5.0.4"
    reselect "^3.0.0"

ory-editor@0.2.24:
  version "0.2.24"
  resolved "https://registry.yarnpkg.com/ory-editor/-/ory-editor-0.2.24.tgz#fa9f9db5545e79443b692725f250774143dc6aad"
  dependencies:
    ory-editor-core v0.2.24
    ory-editor-plugins-default-native v0.2.24
    ory-editor-plugins-divider v0.2.24
    ory-editor-plugins-image v0.2.24
    ory-editor-plugins-parallax-background v0.2.24
    ory-editor-plugins-slate v0.2.24
    ory-editor-plugins-spacer v0.2.24
    ory-editor-plugins-video v0.2.24
    ory-editor-renderer v0.2.24
    ory-editor-ui v0.2.24

parse5@^3.0.2:
  version "3.0.2"
  resolved "https://registry.yarnpkg.com/parse5/-/parse5-3.0.2.tgz#05eff57f0ef4577fb144a79f8b9a967a6cc44510"
  dependencies:
    "@types/node" "^6.0.46"

process@~0.5.1:
  version "0.5.2"
  resolved "https://registry.yarnpkg.com/process/-/process-0.5.2.tgz#1638d8a8e34c2f440a91db95ab9aeb677fc185cf"

promise@^7.1.1:
  version "7.1.1"
  resolved "https://registry.yarnpkg.com/promise/-/promise-7.1.1.tgz#489654c692616b8aa55b0724fa809bb7db49c5bf"
  dependencies:
    asap "~2.0.3"

prop-types@15.x, prop-types@^15.5.10, prop-types@^15.5.4, prop-types@^15.5.6, prop-types@^15.5.7, prop-types@^15.5.8:
  version "15.5.10"
  resolved "https://registry.yarnpkg.com/prop-types/-/prop-types-15.5.10.tgz#2797dfc3126182e3a95e3dfbb2e893ddd7456154"
  dependencies:
    fbjs "^0.8.9"
    loose-envify "^1.3.1"

prop-types@^15.6.2:
  version "15.7.2"
  resolved "https://registry.yarnpkg.com/prop-types/-/prop-types-15.7.2.tgz#52c41e75b8c87e72b9d9360e0206b99dcbffa6c5"
  integrity sha512-8QQikdH7//R2vurIJSutZ1smHYTcLpRWEOlHnzcWHmBYrOGUysKwSsrC89BCiFj3CbrfJ/nXFdJepOVrY1GCHQ==
  dependencies:
    loose-envify "^1.4.0"
    object-assign "^4.1.1"
    react-is "^16.8.1"

propagating-hammerjs@^1.4.6:
  version "1.4.6"
  resolved "https://registry.yarnpkg.com/propagating-hammerjs/-/propagating-hammerjs-1.4.6.tgz#fed00e9b00767ffd42d14f5b531bc493eb672e37"
  dependencies:
    hammerjs "^2.0.6"

rafl@~1.2.1:
  version "1.2.2"
  resolved "https://registry.yarnpkg.com/rafl/-/rafl-1.2.2.tgz#fe930f758211020d47e38815f5196a8be4150740"
  dependencies:
    global "~4.3.0"

ramda@^0.24.1:
  version "0.24.1"
  resolved "https://registry.yarnpkg.com/ramda/-/ramda-0.24.1.tgz#c3b7755197f35b8dc3502228262c4c91ddb6b857"

rc-align@2.x:
  version "2.3.4"
  resolved "https://registry.yarnpkg.com/rc-align/-/rc-align-2.3.4.tgz#d83bdab7560f0142e72a3de1d495dab6ba225249"
  dependencies:
    dom-align "1.x"
    prop-types "^15.5.8"
    rc-util "4.x"

rc-animate@2.x:
  version "2.4.1"
  resolved "https://registry.yarnpkg.com/rc-animate/-/rc-animate-2.4.1.tgz#df3e0f56fe106afe4bf52ff408ced241c5178919"
  dependencies:
    babel-runtime "6.x"
    css-animation "^1.3.2"
    prop-types "15.x"

rc-tooltip@^3.4.3:
  version "3.4.8"
  resolved "https://registry.yarnpkg.com/rc-tooltip/-/rc-tooltip-3.4.8.tgz#4a422374f57f3b00f4d04941863850ceddd24c56"
  dependencies:
    babel-runtime "6.x"
    prop-types "^15.5.8"
    rc-trigger "1.x"

rc-trigger@1.x:
  version "1.11.3"
  resolved "https://registry.yarnpkg.com/rc-trigger/-/rc-trigger-1.11.3.tgz#47b8b58e0863c2277e367b86f1cfa29eb612db56"
  dependencies:
    babel-runtime "6.x"
    create-react-class "15.x"
    prop-types "15.x"
    rc-align "2.x"
    rc-animate "2.x"
    rc-util "4.x"

rc-util@4.x:
  version "4.0.4"
  resolved "https://registry.yarnpkg.com/rc-util/-/rc-util-4.0.4.tgz#99813dd90aee7e29b64939a70ac176ead3f4ff39"
  dependencies:
    add-dom-event-listener "1.x"
    babel-runtime "6.x"
    shallowequal "^0.2.2"

react-dimensions@^1.3.0:
  version "1.3.0"
  resolved "https://registry.yarnpkg.com/react-dimensions/-/react-dimensions-1.3.0.tgz#f5dec8e7b84644a605a900cae0f4a6654acf4e9f"
  dependencies:
    element-resize-event "^2.0.4"

react-dnd-html5-backend@2.6.0:
  version "2.6.0"
  resolved "https://registry.yarnpkg.com/react-dnd-html5-backend/-/react-dnd-html5-backend-2.6.0.tgz#590cd1cca78441bb274edd571fef4c0b16ddcf8e"
  integrity sha1-WQzRzKeEQbsnTt1XH+9MCxbdz44=
  dependencies:
    lodash "^4.2.0"

react-dnd-html5-backend@^2.4.0:
  version "2.5.1"
  resolved "https://registry.yarnpkg.com/react-dnd-html5-backend/-/react-dnd-html5-backend-2.5.1.tgz#d3656e514b0c469902a485fffa75f8684e21c777"
  dependencies:
    lodash "^4.2.0"

react-dnd@2.6.0:
  version "2.6.0"
  resolved "https://registry.yarnpkg.com/react-dnd/-/react-dnd-2.6.0.tgz#7fa25676cf827d58a891293e3c1ab59da002545a"
  integrity sha1-f6JWds+CfViokSk+PBq1naACVFo=
  dependencies:
    disposables "^1.0.1"
    dnd-core "^2.6.0"
    hoist-non-react-statics "^2.1.0"
    invariant "^2.1.0"
    lodash "^4.2.0"
    prop-types "^15.5.10"

react-dnd@^2.4.0:
  version "2.5.1"
  resolved "https://registry.yarnpkg.com/react-dnd/-/react-dnd-2.5.1.tgz#ecef1d9d8478cb76afd5975cd5123ef7c3bebfe5"
  dependencies:
    disposables "^1.0.1"
    dnd-core "^2.5.1"
    hoist-non-react-statics "^2.1.0"
    invariant "^2.1.0"
    lodash "^4.2.0"
    prop-types "^15.5.10"

"react-draggable@^2.2.6 || ^3.0.3", react-draggable@^3.0.3:
  version "3.0.3"
  resolved "https://registry.yarnpkg.com/react-draggable/-/react-draggable-3.0.3.tgz#a6f9b3a7171981b76dadecf238316925cb9eacf4"
  dependencies:
    classnames "^2.2.5"
    prop-types "^15.5.10"

react-event-listener@^0.4.5:
  version "0.4.5"
  resolved "https://registry.yarnpkg.com/react-event-listener/-/react-event-listener-0.4.5.tgz#e3e895a0970cf14ee8f890113af68197abf3d0b1"
  dependencies:
    babel-runtime "^6.20.0"
    fbjs "^0.8.4"
    prop-types "^15.5.4"
    warning "^3.0.0"

react-hotkeys@^0.10.0:
  version "0.10.0"
  resolved "https://registry.yarnpkg.com/react-hotkeys/-/react-hotkeys-0.10.0.tgz#d1e78bd63f16d6db58d550d33c8eb071f35d94fb"
  dependencies:
    create-react-class "^15.5.2"
    lodash "^4.13.1"
    mousetrap "^1.5.2"
    prop-types "^15.5.8"

react-immutable-proptypes@^2.1.0:
  version "2.1.0"
  resolved "https://registry.yarnpkg.com/react-immutable-proptypes/-/react-immutable-proptypes-2.1.0.tgz#023d6f39bb15c97c071e9e60d00d136eac5fa0b4"

react-is@^16.8.1:
  version "16.9.0"
  resolved "https://registry.yarnpkg.com/react-is/-/react-is-16.9.0.tgz#21ca9561399aad0ff1a7701c01683e8ca981edcb"
  integrity sha512-tJBzzzIgnnRfEm046qRcURvwQnZVXmuCbscxUO5RWrGTXpon2d4c8mI0D8WE6ydVIm29JiLB6+RslkIvym9Rjw==

react-joyride@^1.11.4:
  version "1.11.4"
  resolved "https://registry.yarnpkg.com/react-joyride/-/react-joyride-1.11.4.tgz#974369da82ac5c2d563f754f13bed1210f18cb3c"
  dependencies:
    nested-property "^0.0.7"
    scroll "^2.0.3"

react-player@^0.22.0:
  version "0.22.0"
  resolved "https://registry.yarnpkg.com/react-player/-/react-player-0.22.0.tgz#fca542aeaf4482eaf4bb8e9849fe05dd501d7482"
  dependencies:
    fetch-jsonp "^1.0.2"
    load-script "^1.0.0"
    lodash.omit "^4.5.0"
    prop-types "^15.5.6"

react-portal@^3.0.0, react-portal@^3.1.0:
  version "3.1.0"
  resolved "https://registry.yarnpkg.com/react-portal/-/react-portal-3.1.0.tgz#865c44fb72a1da106c649206936559ce891ee899"
  dependencies:
    prop-types "^15.5.8"

react-redux@^5.0.4:
  version "5.0.6"
  resolved "https://registry.yarnpkg.com/react-redux/-/react-redux-5.0.6.tgz#23ed3a4f986359d68b5212eaaa681e60d6574946"
  dependencies:
    hoist-non-react-statics "^2.2.1"
    invariant "^2.0.0"
    lodash "^4.2.0"
    lodash-es "^4.2.0"
    loose-envify "^1.1.0"
    prop-types "^15.5.10"

react-resizable@^1.7.0, react-resizable@^1.7.3:
  version "1.7.4"
  resolved "https://registry.yarnpkg.com/react-resizable/-/react-resizable-1.7.4.tgz#9e8d27349d45339478eff8bd2688c63e44e8b425"
  dependencies:
    prop-types "^15.5.8"
    react-draggable "^2.2.6 || ^3.0.3"

react-transition-group@4.2.1:
  version "4.2.1"
  resolved "https://registry.yarnpkg.com/react-transition-group/-/react-transition-group-4.2.1.tgz#61fc9e36568bff9a1fe4e60fae323c8a6dbc0680"
  integrity sha512-IXrPr93VzCPupwm2O6n6C2kJIofJ/Rp5Ltihhm9UfE8lkuVX2ng/SUUl/oWjblybK9Fq2Io7LGa6maVqPB762Q==
  dependencies:
    "@babel/runtime" "^7.4.5"
    dom-helpers "^3.4.0"
    loose-envify "^1.4.0"
    prop-types "^15.6.2"

react-transition-group@^1.1.2:
  version "1.2.0"
  resolved "https://registry.yarnpkg.com/react-transition-group/-/react-transition-group-1.2.0.tgz#b51fc921b0c3835a7ef7c571c79fc82c73e9204f"
  dependencies:
    chain-function "^1.0.0"
    dom-helpers "^3.2.0"
    loose-envify "^1.3.1"
    prop-types "^15.5.6"
    warning "^3.0.0"

recompose@0.24.0:
  version "0.24.0"
  resolved "https://registry.yarnpkg.com/recompose/-/recompose-0.24.0.tgz#262e93f974439eb17e7779824d88cce90492a5dd"
  dependencies:
    change-emitter "^0.1.2"
    fbjs "^0.8.1"
    hoist-non-react-statics "^1.0.0"
    symbol-observable "^1.0.4"

redux-undo@1.0.0-beta9-7:
  version "1.0.0-beta9-7"
  resolved "https://registry.yarnpkg.com/redux-undo/-/redux-undo-1.0.0-beta9-7.tgz#e3fcc8bc29d8c579f2c13f854287e5af0d8744ae"
  dependencies:
    redux "^3.5.2"

redux@^3.2.0, redux@^3.5.2, redux@^3.6.0, redux@^3.7.1:
  version "3.7.2"
  resolved "https://registry.yarnpkg.com/redux/-/redux-3.7.2.tgz#06b73123215901d25d065be342eb026bc1c8537b"
  dependencies:
    lodash "^4.2.1"
    lodash-es "^4.2.1"
    loose-envify "^1.1.0"
    symbol-observable "^1.0.3"

regenerator-runtime@^0.11.0:
  version "0.11.0"
  resolved "https://registry.yarnpkg.com/regenerator-runtime/-/regenerator-runtime-0.11.0.tgz#7e54fe5b5ccd5d6624ea6255c3473be090b802e1"

regenerator-runtime@^0.13.2:
  version "0.13.3"
  resolved "https://registry.yarnpkg.com/regenerator-runtime/-/regenerator-runtime-0.13.3.tgz#7cf6a77d8f5c6f60eb73c5fc1955b2ceb01e6bf5"
  integrity sha512-naKIZz2GQ8JWh///G7L3X6LaQUAMp2lvb1rvwwsURe/VXwD6VMfr+/1NuNw3ag8v2kY1aQ/go5SNn79O9JU7yw==

repeat-string@^1.5.2:
  version "1.6.1"
  resolved "https://registry.yarnpkg.com/repeat-string/-/repeat-string-1.6.1.tgz#8dcae470e1c88abc2d600fff4a776286da75e637"

reselect@^3.0.0:
  version "3.0.1"
  resolved "https://registry.yarnpkg.com/reselect/-/reselect-3.0.1.tgz#efdaa98ea7451324d092b2b2163a6a1d7a9a2147"

right-align@^0.1.1:
  version "0.1.3"
  resolved "https://registry.yarnpkg.com/right-align/-/right-align-0.1.3.tgz#61339b722fe6a3515689210d24e14c96148613ef"
  dependencies:
    align-text "^0.1.1"

scroll@^2.0.3:
  version "2.0.3"
  resolved "https://registry.yarnpkg.com/scroll/-/scroll-2.0.3.tgz#0951b785544205fd17753bc3d294738ba16fc2ab"
  dependencies:
    rafl "~1.2.1"

selection-is-backward@^1.0.0:
  version "1.0.0"
  resolved "https://registry.yarnpkg.com/selection-is-backward/-/selection-is-backward-1.0.0.tgz#97a54633188a511aba6419fc5c1fa91b467e6be1"

selection-position@^1.0.0:
  version "1.0.0"
  resolved "https://registry.yarnpkg.com/selection-position/-/selection-position-1.0.0.tgz#e43f87151d94957efa170e10e02c901b47f703c7"

semver@^5.3.0:
  version "5.4.1"
  resolved "https://registry.yarnpkg.com/semver/-/semver-5.4.1.tgz#e059c09d8571f0540823733433505d3a2f00b18e"

setimmediate@^1.0.5:
  version "1.0.5"
  resolved "https://registry.yarnpkg.com/setimmediate/-/setimmediate-1.0.5.tgz#290cbb232e306942d7d7ea9b83732ab7856f8285"

shallowequal@^0.2.2:
  version "0.2.2"
  resolved "https://registry.yarnpkg.com/shallowequal/-/shallowequal-0.2.2.tgz#1e32fd5bcab6ad688a4812cb0cc04efc75c7014e"
  dependencies:
    lodash.keys "^3.1.2"

simple-assign@^0.1.0:
  version "0.1.0"
  resolved "https://registry.yarnpkg.com/simple-assign/-/simple-assign-0.1.0.tgz#17fd3066a5f3d7738f50321bb0f14ca281cc4baa"

slate-base64-serializer@^0.2.95:
  version "0.2.95"
  resolved "https://registry.yarnpkg.com/slate-base64-serializer/-/slate-base64-serializer-0.2.95.tgz#018ccf749f0f0f62fc2d5f4722fd770d359cf76b"
  dependencies:
    isomorphic-base64 "^1.0.2"

slate-dev-environment@^0.2.1:
  version "0.2.1"
  resolved "https://registry.yarnpkg.com/slate-dev-environment/-/slate-dev-environment-0.2.1.tgz#760f500f18af0dc61bcae39eec4160c420fea537"
  dependencies:
    is-in-browser "^1.1.3"

slate-edit-blockquote@^0.2.0:
  version "0.2.0"
  resolved "https://registry.yarnpkg.com/slate-edit-blockquote/-/slate-edit-blockquote-0.2.0.tgz#5ec3fee12ba152bfbbc6fa25fd870b94ee77c3e3"

slate-edit-list@^0.7.1:
  version "0.7.1"
  resolved "https://registry.yarnpkg.com/slate-edit-list/-/slate-edit-list-0.7.1.tgz#84ee960d2d5b5a20ce267ad9df894395a91b93d5"

slate-hotkeys@^0.2.8:
  version "0.2.8"
  resolved "https://registry.yarnpkg.com/slate-hotkeys/-/slate-hotkeys-0.2.8.tgz#7fecf732c512c860113f3f1a6dc1015df9d130a7"
  dependencies:
    is-hotkey "0.1.4"
    slate-dev-environment "^0.2.1"

slate-html-serializer@^0.7.34:
  version "0.7.34"
  resolved "https://registry.yarnpkg.com/slate-html-serializer/-/slate-html-serializer-0.7.34.tgz#4eaaac34de07aca64c473d2561baa70421788871"
  dependencies:
    type-of "^2.0.1"

slate-plain-serializer@^0.6.34:
  version "0.6.34"
  resolved "https://registry.yarnpkg.com/slate-plain-serializer/-/slate-plain-serializer-0.6.34.tgz#8775edc1190d5fe3c7196eb0ad665607d0547a87"

slate-prop-types@^0.5.25:
  version "0.5.25"
  resolved "https://registry.yarnpkg.com/slate-prop-types/-/slate-prop-types-0.5.25.tgz#bbee28fec3eacb51209bc48eea1962374b8a44b5"

slate-react-placeholder@^0.1.13:
  version "0.1.13"
  resolved "https://registry.yarnpkg.com/slate-react-placeholder/-/slate-react-placeholder-0.1.13.tgz#2e442d88b189bff203bdac454a05ce2637a19000"

slate-react@^0.21.16:
  version "0.21.16"
  resolved "https://registry.yarnpkg.com/slate-react/-/slate-react-0.21.16.tgz#fa13b2228ffa6f4d9325bb61995d0231a62ff7b5"
  dependencies:
    debug "^3.1.0"
    get-window "^1.1.1"
    is-window "^1.0.2"
    lodash "^4.1.1"
    memoize-one "^4.0.0"
    prop-types "^15.5.8"
    react-immutable-proptypes "^2.1.0"
    selection-is-backward "^1.0.0"
    slate-base64-serializer "^0.2.95"
    slate-dev-environment "^0.2.1"
    slate-hotkeys "^0.2.8"
    slate-plain-serializer "^0.6.34"
    slate-prop-types "^0.5.25"
    slate-react-placeholder "^0.1.13"
    tiny-invariant "^1.0.1"
    tiny-warning "^0.0.3"

slate@^0.21.4:
  version "0.21.6"
  resolved "https://registry.yarnpkg.com/slate/-/slate-0.21.6.tgz#62a7b2f1d7c560ad7eb7f3ff17c77ff905cfae94"
  dependencies:
    debug "^2.3.2"
    direction "^0.1.5"
    es6-map "^0.1.4"
    esrever "^0.2.0"
    get-window "^1.1.1"
    immutable "^3.8.1"
    is-empty "^1.0.0"
    is-in-browser "^1.1.3"
    is-window "^1.0.2"
    keycode "^2.1.2"
    lodash "^4.17.4"
    prop-types "^15.5.8"
    react-portal "^3.1.0"
    selection-is-backward "^1.0.0"
    type-of "^2.0.1"

slate@^0.44.10:
  version "0.44.10"
  resolved "https://registry.yarnpkg.com/slate/-/slate-0.44.10.tgz#ac7c3e3cf85570a8723a64a8a7807c881ddbfa8a"
  dependencies:
    debug "^3.1.0"
    direction "^0.1.5"
    esrever "^0.2.0"
    is-plain-object "^2.0.4"
    lodash "^4.17.4"
    tiny-invariant "^1.0.1"
    tiny-warning "^0.0.3"
    type-of "^2.0.1"

source-map@~0.5.1:
  version "0.5.7"
  resolved "https://registry.yarnpkg.com/source-map/-/source-map-0.5.7.tgz#8a039d2d1021d22d1ea14c80d8ea468ba2ef3fcc"

symbol-observable@^1.0.3, symbol-observable@^1.0.4:
  version "1.0.4"
  resolved "https://registry.yarnpkg.com/symbol-observable/-/symbol-observable-1.0.4.tgz#29bf615d4aa7121bdd898b22d4b3f9bc4e2aa03d"

tiny-invariant@^1.0.1:
  version "1.0.3"
  resolved "https://registry.yarnpkg.com/tiny-invariant/-/tiny-invariant-1.0.3.tgz#91efaaa0269ccb6271f0296aeedb05fc3e067b7a"

tiny-warning@^0.0.3:
  version "0.0.3"
  resolved "https://registry.yarnpkg.com/tiny-warning/-/tiny-warning-0.0.3.tgz#1807eb4c5f81784a6354d58ea1d5024f18c6c81f"

type-of@^2.0.1:
  version "2.0.1"
  resolved "https://registry.yarnpkg.com/type-of/-/type-of-2.0.1.tgz#e72a1741896568e9f628378d816d6912f7f23972"

ua-parser-js@^0.7.9:
  version "0.7.12"
  resolved "https://registry.yarnpkg.com/ua-parser-js/-/ua-parser-js-0.7.12.tgz#04c81a99bdd5dc52263ea29d24c6bf8d4818a4bb"

uglify-js@^2.8.29:
  version "2.8.29"
  resolved "https://registry.yarnpkg.com/uglify-js/-/uglify-js-2.8.29.tgz#29c5733148057bb4e1f75df35b7a9cb72e6a59dd"
  dependencies:
    source-map "~0.5.1"
    yargs "~3.10.0"
  optionalDependencies:
    uglify-to-browserify "~1.0.0"

uglify-to-browserify@~1.0.0:
  version "1.0.2"
  resolved "https://registry.yarnpkg.com/uglify-to-browserify/-/uglify-to-browserify-1.0.2.tgz#6e0924d6bda6b5afe349e39a6d632850a0f882b7"

uuid@^3.0.1:
  version "3.1.0"
  resolved "https://registry.yarnpkg.com/uuid/-/uuid-3.1.0.tgz#3dd3d3e790abc24d7b0d3a034ffababe28ebbc04"

vis@4.21.0:
  version "4.21.0"
  resolved "https://registry.yarnpkg.com/vis/-/vis-4.21.0.tgz#dd71638bff7f6495d00bc9f40c253526133ded6b"
  dependencies:
    emitter-component "^1.1.1"
    hammerjs "^2.0.8"
    keycharm "^0.2.0"
    moment "^2.18.1"
    propagating-hammerjs "^1.4.6"

warning@^3.0.0:
  version "3.0.0"
  resolved "https://registry.yarnpkg.com/warning/-/warning-3.0.0.tgz#32e5377cb572de4ab04753bdf8821c01ed605b7c"
  dependencies:
    loose-envify "^1.0.0"

whatwg-fetch@>=0.10.0:
  version "2.0.3"
  resolved "https://registry.yarnpkg.com/whatwg-fetch/-/whatwg-fetch-2.0.3.tgz#9c84ec2dcf68187ff00bc64e1274b442176e1c84"

window-size@0.1.0:
  version "0.1.0"
  resolved "https://registry.yarnpkg.com/window-size/-/window-size-0.1.0.tgz#5438cd2ea93b202efa3a19fe8887aee7c94f9c9d"

wordwrap@0.0.2:
  version "0.0.2"
  resolved "https://registry.yarnpkg.com/wordwrap/-/wordwrap-0.0.2.tgz#b79669bb42ecb409f83d583cad52ca17eaa1643f"

yargs@~3.10.0:
  version "3.10.0"
  resolved "https://registry.yarnpkg.com/yargs/-/yargs-3.10.0.tgz#f7ee7bd857dd7c1d2d38c0e74efbd681d1431fd1"
  dependencies:
    camelcase "^1.0.2"
    cliui "^2.1.0"
    decamelize "^1.0.0"
    window-size "0.1.0"
